
Microsoft Visual Studio Solution File, Format Version 12.00
# Visual Studio Version 17
VisualStudioVersion = 17.8.34316.72
MinimumVisualStudioVersion = 10.0.40219.1
Project("{FAE04EC0-301F-11D3-BF4B-00C04F79EFBC}") = "CodePulse.API", "CodePulse.API\CodePulse.API.csproj", "{F4F95563-443B-4403-ABA7-E14D32599F4B}"
EndProject
Global
	GlobalSection(SolutionConfigurationPlatforms) = preSolution
		Debug|Any CPU = Debug|Any CPU
		Release|Any CPU = Release|Any CPU
	EndGlobalSection
	GlobalSection(ProjectConfigurationPlatforms) = postSolution
		{F4F95563-443B-4403-ABA7-E14D32599F4B}.Debug|Any CPU.ActiveCfg = Debug|Any CPU
		{F4F95563-443B-4403-ABA7-E14D32599F4B}.Debug|Any CPU.Build.0 = Debug|Any CPU
		{F4F95563-443B-4403-ABA7-E14D32599F4B}.Release|Any CPU.ActiveCfg = Release|Any CPU
		{F4F95563-443B-4403-ABA7-E14D32599F4B}.Release|Any CPU.Build.0 = Release|Any CPU
	EndGlobalSection
	GlobalSection(SolutionProperties) = preSolution
		HideSolutionNode = FALSE
	EndGlobalSection
	GlobalSection(ExtensibilityGlobals) = postSolution
		SolutionGuid = {22184A0E-B69F-4653-925F-D56FEB4B528F}
	EndGlobalSection
EndGlobal
